
Microsoft Visual Studio Solution File, Format Version 12.00
# Visual Studio Version 17
VisualStudioVersion = 17.10.35122.118
MinimumVisualStudioVersion = 10.0.40219.1
Project("{FAE04EC0-301F-11D3-BF4B-00C04F79EFBC}") = "MenuApp", "MenuApp\MenuApp.csproj", "{5AC6BB4E-7E29-42B8-98A2-205F4DA59259}"
EndProject
Project("{FAE04EC0-301F-11D3-BF4B-00C04F79EFBC}") = "MenuAppGraph", "MenuAppGraph\MenuAppGraph.csproj", "{F1D44668-9B5A-4DBC-A2C6-B1DF1EB72698}"
EndProject
Global
	GlobalSection(SolutionConfigurationPlatforms) = preSolution
		Debug|Any CPU = Debug|Any CPU
		Release|Any CPU = Release|Any CPU
	EndGlobalSection
	GlobalSection(ProjectConfigurationPlatforms) = postSolution
		{5AC6BB4E-7E29-42B8-98A2-205F4DA59259}.Debug|Any CPU.ActiveCfg = Debug|Any CPU
		{5AC6BB4E-7E29-42B8-98A2-205F4DA59259}.Debug|Any CPU.Build.0 = Debug|Any CPU
		{5AC6BB4E-7E29-42B8-98A2-205F4DA59259}.Release|Any CPU.ActiveCfg = Release|Any CPU
		{5AC6BB4E-7E29-42B8-98A2-205F4DA59259}.Release|Any CPU.Build.0 = Release|Any CPU
		{F1D44668-9B5A-4DBC-A2C6-B1DF1EB72698}.Debug|Any CPU.ActiveCfg = Debug|Any CPU
		{F1D44668-9B5A-4DBC-A2C6-B1DF1EB72698}.Debug|Any CPU.Build.0 = Debug|Any CPU
		{F1D44668-9B5A-4DBC-A2C6-B1DF1EB72698}.Release|Any CPU.ActiveCfg = Release|Any CPU
		{F1D44668-9B5A-4DBC-A2C6-B1DF1EB72698}.Release|Any CPU.Build.0 = Release|Any CPU
	EndGlobalSection
	GlobalSection(SolutionProperties) = preSolution
		HideSolutionNode = FALSE
	EndGlobalSection
	GlobalSection(ExtensibilityGlobals) = postSolution
		SolutionGuid = {BF27B904-60B1-4301-BB13-260F835B45E3}
	EndGlobalSection
EndGlobal
