
Microsoft Visual Studio Solution File, Format Version 12.00
# Visual Studio Version 17
VisualStudioVersion = 17.10.35122.118
MinimumVisualStudioVersion = 10.0.40219.1
Project("{FAE04EC0-301F-11D3-BF4B-00C04F79EFBC}") = "ConsoleApp1", "ConsoleApp1\ConsoleApp1.csproj", "{CABA5637-03E7-4916-9E23-D362B911DF3F}"
EndProject
Project("{FAE04EC0-301F-11D3-BF4B-00C04F79EFBC}") = "TemperatureProg", "..\ConsoleApp2\TemperatureProg.csproj", "{BC1FFCD1-733E-4AC1-8BAC-D8848D6AE54E}"
EndProject
Project("{FAE04EC0-301F-11D3-BF4B-00C04F79EFBC}") = "ConsoleApp3", "..\ConsoleApp3\ConsoleApp3.csproj", "{C3C59247-E02A-40AE-AAC9-F5290FC6A600}"
EndProject
Project("{FAE04EC0-301F-11D3-BF4B-00C04F79EFBC}") = "BubbleSort", "..\BubbleSort\BubbleSort.csproj", "{FE7B8475-998B-46DF-BCC1-AE0B3CAFF50D}"
EndProject
Project("{FAE04EC0-301F-11D3-BF4B-00C04F79EFBC}") = "MenuProgram", "..\MenuProgram\MenuProgram.csproj", "{D82B10DF-9B9F-494C-AF1C-483ACE5B7AE1}"
EndProject
Global
	GlobalSection(SolutionConfigurationPlatforms) = preSolution
		Debug|Any CPU = Debug|Any CPU
		Release|Any CPU = Release|Any CPU
	EndGlobalSection
	GlobalSection(ProjectConfigurationPlatforms) = postSolution
		{CABA5637-03E7-4916-9E23-D362B911DF3F}.Debug|Any CPU.ActiveCfg = Debug|Any CPU
		{CABA5637-03E7-4916-9E23-D362B911DF3F}.Debug|Any CPU.Build.0 = Debug|Any CPU
		{CABA5637-03E7-4916-9E23-D362B911DF3F}.Release|Any CPU.ActiveCfg = Release|Any CPU
		{CABA5637-03E7-4916-9E23-D362B911DF3F}.Release|Any CPU.Build.0 = Release|Any CPU
		{BC1FFCD1-733E-4AC1-8BAC-D8848D6AE54E}.Debug|Any CPU.ActiveCfg = Debug|Any CPU
		{BC1FFCD1-733E-4AC1-8BAC-D8848D6AE54E}.Debug|Any CPU.Build.0 = Debug|Any CPU
		{BC1FFCD1-733E-4AC1-8BAC-D8848D6AE54E}.Release|Any CPU.ActiveCfg = Release|Any CPU
		{BC1FFCD1-733E-4AC1-8BAC-D8848D6AE54E}.Release|Any CPU.Build.0 = Release|Any CPU
		{C3C59247-E02A-40AE-AAC9-F5290FC6A600}.Debug|Any CPU.ActiveCfg = Debug|Any CPU
		{C3C59247-E02A-40AE-AAC9-F5290FC6A600}.Debug|Any CPU.Build.0 = Debug|Any CPU
		{C3C59247-E02A-40AE-AAC9-F5290FC6A600}.Release|Any CPU.ActiveCfg = Release|Any CPU
		{C3C59247-E02A-40AE-AAC9-F5290FC6A600}.Release|Any CPU.Build.0 = Release|Any CPU
		{FE7B8475-998B-46DF-BCC1-AE0B3CAFF50D}.Debug|Any CPU.ActiveCfg = Debug|Any CPU
		{FE7B8475-998B-46DF-BCC1-AE0B3CAFF50D}.Debug|Any CPU.Build.0 = Debug|Any CPU
		{FE7B8475-998B-46DF-BCC1-AE0B3CAFF50D}.Release|Any CPU.ActiveCfg = Release|Any CPU
		{FE7B8475-998B-46DF-BCC1-AE0B3CAFF50D}.Release|Any CPU.Build.0 = Release|Any CPU
		{D82B10DF-9B9F-494C-AF1C-483ACE5B7AE1}.Debug|Any CPU.ActiveCfg = Debug|Any CPU
		{D82B10DF-9B9F-494C-AF1C-483ACE5B7AE1}.Debug|Any CPU.Build.0 = Debug|Any CPU
		{D82B10DF-9B9F-494C-AF1C-483ACE5B7AE1}.Release|Any CPU.ActiveCfg = Release|Any CPU
		{D82B10DF-9B9F-494C-AF1C-483ACE5B7AE1}.Release|Any CPU.Build.0 = Release|Any CPU
	EndGlobalSection
	GlobalSection(SolutionProperties) = preSolution
		HideSolutionNode = FALSE
	EndGlobalSection
	GlobalSection(ExtensibilityGlobals) = postSolution
		SolutionGuid = {A79FB80A-5657-4B57-B159-78DC7669768C}
	EndGlobalSection
EndGlobal
