
Microsoft Visual Studio Solution File, Format Version 12.00
# Visual Studio Version 17
VisualStudioVersion = 17.10.35122.118
MinimumVisualStudioVersion = 10.0.40219.1
Project("{9A19103F-16F7-4668-BE54-9A1E7A4F7556}") = "MenuApp", "MenuApp\MenuApp.csproj", "{44B0CCB4-0F20-411C-BFBD-22FE5410C163}"
EndProject
Project("{9A19103F-16F7-4668-BE54-9A1E7A4F7556}") = "GeoShapApp", "GeoShapApp\GeoShapApp.csproj", "{CE55C414-2E72-434F-AB62-AD5BB876CC29}"
EndProject
Project("{FAE04EC0-301F-11D3-BF4B-00C04F79EFBC}") = "Stack", "Stack\Stack.csproj", "{4699CE31-3525-4915-8CBB-F511065F6A03}"
EndProject
Global
	GlobalSection(SolutionConfigurationPlatforms) = preSolution
		Debug|Any CPU = Debug|Any CPU
		Release|Any CPU = Release|Any CPU
	EndGlobalSection
	GlobalSection(ProjectConfigurationPlatforms) = postSolution
		{44B0CCB4-0F20-411C-BFBD-22FE5410C163}.Debug|Any CPU.ActiveCfg = Debug|Any CPU
		{44B0CCB4-0F20-411C-BFBD-22FE5410C163}.Debug|Any CPU.Build.0 = Debug|Any CPU
		{44B0CCB4-0F20-411C-BFBD-22FE5410C163}.Release|Any CPU.ActiveCfg = Release|Any CPU
		{44B0CCB4-0F20-411C-BFBD-22FE5410C163}.Release|Any CPU.Build.0 = Release|Any CPU
		{CE55C414-2E72-434F-AB62-AD5BB876CC29}.Debug|Any CPU.ActiveCfg = Debug|Any CPU
		{CE55C414-2E72-434F-AB62-AD5BB876CC29}.Debug|Any CPU.Build.0 = Debug|Any CPU
		{CE55C414-2E72-434F-AB62-AD5BB876CC29}.Release|Any CPU.ActiveCfg = Release|Any CPU
		{CE55C414-2E72-434F-AB62-AD5BB876CC29}.Release|Any CPU.Build.0 = Release|Any CPU
		{4699CE31-3525-4915-8CBB-F511065F6A03}.Debug|Any CPU.ActiveCfg = Debug|Any CPU
		{4699CE31-3525-4915-8CBB-F511065F6A03}.Debug|Any CPU.Build.0 = Debug|Any CPU
		{4699CE31-3525-4915-8CBB-F511065F6A03}.Release|Any CPU.ActiveCfg = Release|Any CPU
		{4699CE31-3525-4915-8CBB-F511065F6A03}.Release|Any CPU.Build.0 = Release|Any CPU
	EndGlobalSection
	GlobalSection(SolutionProperties) = preSolution
		HideSolutionNode = FALSE
	EndGlobalSection
	GlobalSection(ExtensibilityGlobals) = postSolution
		SolutionGuid = {1674E5FA-0057-4D4E-8068-7D7964E48370}
	EndGlobalSection
EndGlobal
